
Microsoft Visual Studio Solution File, Format Version 12.00
# Visual Studio Version 17
VisualStudioVersion = 17.8.34322.80
MinimumVisualStudioVersion = 10.0.40219.1
Project("{9A19103F-16F7-4668-BE54-9A1E7A4F7556}") = "EntityFrameworkCore.First.WebApi", "EntityFrameworkCore.First.WebApi\EntityFrameworkCore.First.WebApi.csproj", "{B1BD9775-B1EC-44BF-9EDD-32EAA2A9EBAF}"
EndProject
Project("{9A19103F-16F7-4668-BE54-9A1E7A4F7556}") = "EntityFrameworkCore.Auth.WebApi", "EntityFrameworkCore.Auth.WebApi\EntityFrameworkCore.Auth.WebApi.csproj", "{21AAE11C-B34A-49BA-B386-0361A750943C}"
EndProject
Project("{9A19103F-16F7-4668-BE54-9A1E7A4F7556}") = "EntityFrameworkCore.Relational.WebApi", "EntityFrameworkCore.Relational.WebApi\EntityFrameworkCore.Relational.WebApi.csproj", "{19B38202-17EE-4E29-89F8-37E33D3FFAAA}"
EndProject
Project("{9A19103F-16F7-4668-BE54-9A1E7A4F7556}") = "EntityFrameworkCore.OnModelCreating.WebApi", "EntityFrameworkCore.OnModelCreating.WebApi\EntityFrameworkCore.OnModelCreating.WebApi.csproj", "{432FE8EB-9468-40F0-ABE8-AFC55FA1CA5F}"
EndProject
Project("{9A19103F-16F7-4668-BE54-9A1E7A4F7556}") = "EntityFrameworkCore.IEntityTypeConfiguration.WebApi", "EntityFrameworkCore.IEntityTypeConfiguration.WebApi\EntityFrameworkCore.IEntityTypeConfiguration.WebApi.csproj", "{BB33B170-9B24-4AEA-A3D6-5107BE74899E}"
EndProject
Project("{9A19103F-16F7-4668-BE54-9A1E7A4F7556}") = "EntityFrameworkCore.Transaction.WebApi", "EntityFrameworkCore.Transaction.WebApi\EntityFrameworkCore.Transaction.WebApi.csproj", "{FD92A7D1-0800-4542-9068-1E66DCBD0115}"
EndProject
Project("{FAE04EC0-301F-11D3-BF4B-00C04F79EFBC}") = "EntityFrameworkCore.RepositoryPattern.WebApi", "EntityFrameworkCore.RepositoryPattern.WebApi\EntityFrameworkCore.RepositoryPattern.WebApi.csproj", "{46924B19-0A73-45FF-AC1E-5F7943F4F22C}"
EndProject
Global
	GlobalSection(SolutionConfigurationPlatforms) = preSolution
		Debug|Any CPU = Debug|Any CPU
		Release|Any CPU = Release|Any CPU
	EndGlobalSection
	GlobalSection(ProjectConfigurationPlatforms) = postSolution
		{B1BD9775-B1EC-44BF-9EDD-32EAA2A9EBAF}.Debug|Any CPU.ActiveCfg = Debug|Any CPU
		{B1BD9775-B1EC-44BF-9EDD-32EAA2A9EBAF}.Debug|Any CPU.Build.0 = Debug|Any CPU
		{B1BD9775-B1EC-44BF-9EDD-32EAA2A9EBAF}.Release|Any CPU.ActiveCfg = Release|Any CPU
		{B1BD9775-B1EC-44BF-9EDD-32EAA2A9EBAF}.Release|Any CPU.Build.0 = Release|Any CPU
		{21AAE11C-B34A-49BA-B386-0361A750943C}.Debug|Any CPU.ActiveCfg = Debug|Any CPU
		{21AAE11C-B34A-49BA-B386-0361A750943C}.Debug|Any CPU.Build.0 = Debug|Any CPU
		{21AAE11C-B34A-49BA-B386-0361A750943C}.Release|Any CPU.ActiveCfg = Release|Any CPU
		{21AAE11C-B34A-49BA-B386-0361A750943C}.Release|Any CPU.Build.0 = Release|Any CPU
		{19B38202-17EE-4E29-89F8-37E33D3FFAAA}.Debug|Any CPU.ActiveCfg = Debug|Any CPU
		{19B38202-17EE-4E29-89F8-37E33D3FFAAA}.Debug|Any CPU.Build.0 = Debug|Any CPU
		{19B38202-17EE-4E29-89F8-37E33D3FFAAA}.Release|Any CPU.ActiveCfg = Release|Any CPU
		{19B38202-17EE-4E29-89F8-37E33D3FFAAA}.Release|Any CPU.Build.0 = Release|Any CPU
		{432FE8EB-9468-40F0-ABE8-AFC55FA1CA5F}.Debug|Any CPU.ActiveCfg = Debug|Any CPU
		{432FE8EB-9468-40F0-ABE8-AFC55FA1CA5F}.Debug|Any CPU.Build.0 = Debug|Any CPU
		{432FE8EB-9468-40F0-ABE8-AFC55FA1CA5F}.Release|Any CPU.ActiveCfg = Release|Any CPU
		{432FE8EB-9468-40F0-ABE8-AFC55FA1CA5F}.Release|Any CPU.Build.0 = Release|Any CPU
		{BB33B170-9B24-4AEA-A3D6-5107BE74899E}.Debug|Any CPU.ActiveCfg = Debug|Any CPU
		{BB33B170-9B24-4AEA-A3D6-5107BE74899E}.Debug|Any CPU.Build.0 = Debug|Any CPU
		{BB33B170-9B24-4AEA-A3D6-5107BE74899E}.Release|Any CPU.ActiveCfg = Release|Any CPU
		{BB33B170-9B24-4AEA-A3D6-5107BE74899E}.Release|Any CPU.Build.0 = Release|Any CPU
		{FD92A7D1-0800-4542-9068-1E66DCBD0115}.Debug|Any CPU.ActiveCfg = Debug|Any CPU
		{FD92A7D1-0800-4542-9068-1E66DCBD0115}.Debug|Any CPU.Build.0 = Debug|Any CPU
		{FD92A7D1-0800-4542-9068-1E66DCBD0115}.Release|Any CPU.ActiveCfg = Release|Any CPU
		{FD92A7D1-0800-4542-9068-1E66DCBD0115}.Release|Any CPU.Build.0 = Release|Any CPU
		{46924B19-0A73-45FF-AC1E-5F7943F4F22C}.Debug|Any CPU.ActiveCfg = Debug|Any CPU
		{46924B19-0A73-45FF-AC1E-5F7943F4F22C}.Debug|Any CPU.Build.0 = Debug|Any CPU
		{46924B19-0A73-45FF-AC1E-5F7943F4F22C}.Release|Any CPU.ActiveCfg = Release|Any CPU
		{46924B19-0A73-45FF-AC1E-5F7943F4F22C}.Release|Any CPU.Build.0 = Release|Any CPU
	EndGlobalSection
	GlobalSection(SolutionProperties) = preSolution
		HideSolutionNode = FALSE
	EndGlobalSection
	GlobalSection(ExtensibilityGlobals) = postSolution
		SolutionGuid = {59F01647-BB0F-48AE-9EC1-8746B9AEE866}
	EndGlobalSection
EndGlobal
