
Microsoft Visual Studio Solution File, Format Version 12.00
# Visual Studio Version 17
VisualStudioVersion = 17.9.34616.47
MinimumVisualStudioVersion = 10.0.40219.1
Project("{2150E333-8FDC-42A3-9474-1A3956D46DE8}") = "1.HelloWorld", "1.HelloWorld", "{C8DAEEE0-DAEB-409A-8E37-C42BB7D8BB43}"
EndProject
Project("{FAE04EC0-301F-11D3-BF4B-00C04F79EFBC}") = "Send", "1.HelloWorld\Send\Send.csproj", "{4C6E6E85-D00B-4E9A-9A88-33052D091DB4}"
EndProject
Project("{FAE04EC0-301F-11D3-BF4B-00C04F79EFBC}") = "Receive", "1.HelloWorld\Receive\Receive.csproj", "{FF81F745-FE05-4AA1-B13C-6BC5095DA355}"
EndProject
Project("{2150E333-8FDC-42A3-9474-1A3956D46DE8}") = "2.WorkQueues", "2.WorkQueues", "{6DBCB065-C0F7-4457-AF05-2E510A1D40B9}"
EndProject
Project("{FAE04EC0-301F-11D3-BF4B-00C04F79EFBC}") = "NewTask", "2.WorkQueues\NewTask\NewTask.csproj", "{B159E5CC-0B71-469D-B732-0EA560ADDCFF}"
EndProject
Project("{FAE04EC0-301F-11D3-BF4B-00C04F79EFBC}") = "Worker", "2.WorkQueues\Worker\Worker.csproj", "{A7B836C2-5708-42B7-8FB3-170411102D9F}"
EndProject
Global
	GlobalSection(SolutionConfigurationPlatforms) = preSolution
		Debug|Any CPU = Debug|Any CPU
		Release|Any CPU = Release|Any CPU
	EndGlobalSection
	GlobalSection(ProjectConfigurationPlatforms) = postSolution
		{4C6E6E85-D00B-4E9A-9A88-33052D091DB4}.Debug|Any CPU.ActiveCfg = Debug|Any CPU
		{4C6E6E85-D00B-4E9A-9A88-33052D091DB4}.Debug|Any CPU.Build.0 = Debug|Any CPU
		{4C6E6E85-D00B-4E9A-9A88-33052D091DB4}.Release|Any CPU.ActiveCfg = Release|Any CPU
		{4C6E6E85-D00B-4E9A-9A88-33052D091DB4}.Release|Any CPU.Build.0 = Release|Any CPU
		{FF81F745-FE05-4AA1-B13C-6BC5095DA355}.Debug|Any CPU.ActiveCfg = Debug|Any CPU
		{FF81F745-FE05-4AA1-B13C-6BC5095DA355}.Debug|Any CPU.Build.0 = Debug|Any CPU
		{FF81F745-FE05-4AA1-B13C-6BC5095DA355}.Release|Any CPU.ActiveCfg = Release|Any CPU
		{FF81F745-FE05-4AA1-B13C-6BC5095DA355}.Release|Any CPU.Build.0 = Release|Any CPU
		{B159E5CC-0B71-469D-B732-0EA560ADDCFF}.Debug|Any CPU.ActiveCfg = Debug|Any CPU
		{B159E5CC-0B71-469D-B732-0EA560ADDCFF}.Debug|Any CPU.Build.0 = Debug|Any CPU
		{B159E5CC-0B71-469D-B732-0EA560ADDCFF}.Release|Any CPU.ActiveCfg = Release|Any CPU
		{B159E5CC-0B71-469D-B732-0EA560ADDCFF}.Release|Any CPU.Build.0 = Release|Any CPU
		{A7B836C2-5708-42B7-8FB3-170411102D9F}.Debug|Any CPU.ActiveCfg = Debug|Any CPU
		{A7B836C2-5708-42B7-8FB3-170411102D9F}.Debug|Any CPU.Build.0 = Debug|Any CPU
		{A7B836C2-5708-42B7-8FB3-170411102D9F}.Release|Any CPU.ActiveCfg = Release|Any CPU
		{A7B836C2-5708-42B7-8FB3-170411102D9F}.Release|Any CPU.Build.0 = Release|Any CPU
	EndGlobalSection
	GlobalSection(SolutionProperties) = preSolution
		HideSolutionNode = FALSE
	EndGlobalSection
	GlobalSection(NestedProjects) = preSolution
		{4C6E6E85-D00B-4E9A-9A88-33052D091DB4} = {C8DAEEE0-DAEB-409A-8E37-C42BB7D8BB43}
		{FF81F745-FE05-4AA1-B13C-6BC5095DA355} = {C8DAEEE0-DAEB-409A-8E37-C42BB7D8BB43}
		{B159E5CC-0B71-469D-B732-0EA560ADDCFF} = {6DBCB065-C0F7-4457-AF05-2E510A1D40B9}
		{A7B836C2-5708-42B7-8FB3-170411102D9F} = {6DBCB065-C0F7-4457-AF05-2E510A1D40B9}
	EndGlobalSection
	GlobalSection(ExtensibilityGlobals) = postSolution
		SolutionGuid = {AB9DB06B-BC18-4F00-BF5A-89AC2747DCA8}
	EndGlobalSection
EndGlobal
